
Microsoft Visual Studio Solution File, Format Version 12.00
# Visual Studio Version 17
VisualStudioVersion = 17.0.32014.148
MinimumVisualStudioVersion = 10.0.40219.1
Project("{FAE04EC0-301F-11D3-BF4B-00C04F79EFBC}") = "SayHello", "SayHello\SayHello.csproj", "{8809130E-CB56-40CB-A06B-4CBCB0CC35AC}"
EndProject
Project("{FAE04EC0-301F-11D3-BF4B-00C04F79EFBC}") = "HandleAnEvent", "HandleAnEvent\HandleAnEvent.csproj", "{BC5AC9A9-557A-47C3-A3F2-31E5D75AD255}"
EndProject
Project("{FAE04EC0-301F-11D3-BF4B-00C04F79EFBC}") = "InheritTheApp", "gsTestTemplate1\InheritTheApp.csproj", "{A309D8C6-F0C6-4E7F-AF00-22AFB32DA909}"
EndProject
Project("{FAE04EC0-301F-11D3-BF4B-00C04F79EFBC}") = "ThrowWindowParty", "hrowWindowParty\ThrowWindowParty.csproj", "{3DEC7E26-522B-487A-A3B8-399902BB4592}"
EndProject
Project("{FAE04EC0-301F-11D3-BF4B-00C04F79EFBC}") = "InheritAppAndWindow", "InheritAppAndWindow\InheritAppAndWindow.csproj", "{FD7D89F8-0951-4022-B91E-ED8B4EC83C3A}"
EndProject
Project("{FAE04EC0-301F-11D3-BF4B-00C04F79EFBC}") = "InheritTheWin", "InheritTheWin\InheritTheWin.csproj", "{10DC4475-24AD-464D-B2C9-33E6BE509C25}"
EndProject
Project("{FAE04EC0-301F-11D3-BF4B-00C04F79EFBC}") = "GrowAndShrink", "GrowAndShrink\GrowAndShrink.csproj", "{2DCF4107-5866-47D6-80E8-B600D8083D7F}"
EndProject
Project("{FAE04EC0-301F-11D3-BF4B-00C04F79EFBC}") = "TypeYourTitle", "Petzold Window1\TypeYourTitle.csproj", "{554B53B6-803D-487D-960F-B450CA32151E}"
EndProject
Project("{FAE04EC0-301F-11D3-BF4B-00C04F79EFBC}") = "VaryTheBackground", "VaryTheBackground\VaryTheBackground.csproj", "{A1D1D5E7-ACCA-44E9-8E54-80E35FE25F4C}"
EndProject
Project("{FAE04EC0-301F-11D3-BF4B-00C04F79EFBC}") = "FlipThroughTheBrushes", "FlipThroughTheBrushes\FlipThroughTheBrushes.csproj", "{85BF95DD-03A5-4A8B-A675-3A73E4AC7ADD}"
EndProject
Project("{FAE04EC0-301F-11D3-BF4B-00C04F79EFBC}") = "GradiateTheBrush", "GradiateTheBrush\GradiateTheBrush.csproj", "{93AFE669-BBE0-4D42-963E-64F76A63706C}"
EndProject
Project("{FAE04EC0-301F-11D3-BF4B-00C04F79EFBC}") = "AdjustTheGradient", "AdjustTheGradient\AdjustTheGradient.csproj", "{2D0496AD-E7E3-4861-B9EB-6BB8835A82DE}"
EndProject
Project("{FAE04EC0-301F-11D3-BF4B-00C04F79EFBC}") = "FollowTheRainbow", "FollowTheRainbow\FollowTheRainbow.csproj", "{9D2DEF2C-5155-44A5-9794-34430A66FAC0}"
EndProject
Project("{FAE04EC0-301F-11D3-BF4B-00C04F79EFBC}") = "ClickTheGradientCenter", "ClickTheGradientCenter\ClickTheGradientCenter.csproj", "{344B8426-5ADE-42A9-B891-B7BAA2B1B802}"
EndProject
Project("{FAE04EC0-301F-11D3-BF4B-00C04F79EFBC}") = "RotateTheGradientOrigin", "RotateTheGradientOrigin\RotateTheGradientOrigin.csproj", "{68CEDBAA-A9F0-4CDD-8335-986E67492883}"
EndProject
Project("{FAE04EC0-301F-11D3-BF4B-00C04F79EFBC}") = "DisplaySomeText", "DisplaySomeText\DisplaySomeText.csproj", "{33451E32-2F51-4247-A2D4-C2E517A356EB}"
EndProject
Project("{FAE04EC0-301F-11D3-BF4B-00C04F79EFBC}") = "RecordKeystrokes", "RecordKeystrokes\RecordKeystrokes.csproj", "{88AD1F69-CDEB-4E76-BD25-C3941D213143}"
EndProject
Project("{FAE04EC0-301F-11D3-BF4B-00C04F79EFBC}") = "ShowMyFace", "ShowMyFace\ShowMyFace.csproj", "{1509B892-670F-4B4B-B0D8-47E5C0FB9336}"
EndProject
Project("{FAE04EC0-301F-11D3-BF4B-00C04F79EFBC}") = "FormatTheText", "FormatTheText\FormatTheText.csproj", "{87A706CA-9582-490F-8200-5EB36719AA0E}"
EndProject
Project("{2150E333-8FDC-42A3-9474-1A3956D46DE8}") = "1, 2, 3", "1, 2, 3", "{5ABF3F89-34F8-42B6-8FD0-9865BC1FA587}"
EndProject
Project("{FAE04EC0-301F-11D3-BF4B-00C04F79EFBC}") = "ToggleBoldAndItalic", "ToggleBoldAndItalic\ToggleBoldAndItalic.csproj", "{23AC595D-5BBB-48EE-9606-99D0746FB554}"
EndProject
Project("{FAE04EC0-301F-11D3-BF4B-00C04F79EFBC}") = "RenderTheGraphic", "RenderTheGraphic\RenderTheGraphic.csproj", "{B04D6575-7B0C-4F7B-921F-8FD5CEC13E82}"
EndProject
Project("{2150E333-8FDC-42A3-9474-1A3956D46DE8}") = "4", "4", "{04267542-BA64-4790-B763-41E1B57ADADF}"
EndProject
Project("{FAE04EC0-301F-11D3-BF4B-00C04F79EFBC}") = "FormatTheButton", "FormatTheButton\FormatTheButton.csproj", "{701E530E-6DE8-4613-AD85-0C77023D5965}"
EndProject
Project("{FAE04EC0-301F-11D3-BF4B-00C04F79EFBC}") = "ImageTheButton", "ImageTheButton\ImageTheButton.csproj", "{97DA684C-7D23-425C-AD05-7BFCD350746E}"
EndProject
Project("{FAE04EC0-301F-11D3-BF4B-00C04F79EFBC}") = "CommandTheButton", "CommandTheButton\CommandTheButton.csproj", "{A08F494A-A115-4DB0-B953-49281D863313}"
EndProject
Project("{FAE04EC0-301F-11D3-BF4B-00C04F79EFBC}") = "ToggleTheButton", "ToggleTheButton\ToggleTheButton.csproj", "{1905B384-2C4D-46D4-BF60-97B1D7CDFA10}"
EndProject
Project("{FAE04EC0-301F-11D3-BF4B-00C04F79EFBC}") = "BindTheButton", "BindTheButton\BindTheButton.csproj", "{AB1AF085-0A03-42C0-9360-0F02F1D21F01}"
EndProject
Project("{FAE04EC0-301F-11D3-BF4B-00C04F79EFBC}") = "UriDialog", "UriDialog\UriDialog.csproj", "{EA7872FC-D22B-4056-8406-B9B1453AB35C}"
EndProject
Project("{FAE04EC0-301F-11D3-BF4B-00C04F79EFBC}") = "EditSomeText", "EditSomeText\EditSomeText.csproj", "{98600D31-1141-451B-A76F-705614F153A9}"
EndProject
Project("{FAE04EC0-301F-11D3-BF4B-00C04F79EFBC}") = "EditSomeRichText", "EditSomeRichText\EditSomeRichText.csproj", "{90524A5C-3A8E-4DF0-9C8A-4292BA4AAECF}"
EndProject
Project("{2150E333-8FDC-42A3-9474-1A3956D46DE8}") = "5", "5", "{C9EB6873-FE3B-4593-9FDA-EDC802808BF5}"
EndProject
Project("{FAE04EC0-301F-11D3-BF4B-00C04F79EFBC}") = "StackTenButtons", "StackTenButtons\StackTenButtons.csproj", "{93AC98B7-3128-4E9E-88B4-3F87A5AB12D5}"
EndProject
Project("{FAE04EC0-301F-11D3-BF4B-00C04F79EFBC}") = "ScrollFiftyButtons", "ScrollFiftyButtons\ScrollFiftyButtons.csproj", "{5FB015D3-9EFA-40D4-8E0F-9F5F6116BCEC}"
EndProject
Project("{FAE04EC0-301F-11D3-BF4B-00C04F79EFBC}") = "DesignAButton", "DesignAButton\DesignAButton.csproj", "{9130BDE4-15B0-4743-B837-09B3B34C2C54}"
EndProject
Project("{FAE04EC0-301F-11D3-BF4B-00C04F79EFBC}") = "TuneTheRadio", "TuneTheRadio\TuneTheRadio.csproj", "{F3F0BD13-E5A0-4B25-8593-1AD171A4A842}"
EndProject
Project("{FAE04EC0-301F-11D3-BF4B-00C04F79EFBC}") = "ExploreDirectories", "ExploreDirectories\ExploreDirectories.csproj", "{A80A1770-8B0F-450C-A960-625B0099C31C}"
EndProject
Project("{2150E333-8FDC-42A3-9474-1A3956D46DE8}") = "6 Dock and Grid", "6 Dock and Grid", "{64198202-B918-4E55-A026-79FD29113F40}"
EndProject
Project("{FAE04EC0-301F-11D3-BF4B-00C04F79EFBC}") = "DockAroundTheBlock", "DockAroundTheBlock\DockAroundTheBlock.csproj", "{7461D0D1-F432-4841-9993-7F3DED2B2ED1}"
EndProject
Project("{FAE04EC0-301F-11D3-BF4B-00C04F79EFBC}") = "MeetTheDockers", "MeetTheDockers\MeetTheDockers.csproj", "{E483CB56-5A40-42D3-9177-02CE3D4326DF}"
EndProject
Project("{FAE04EC0-301F-11D3-BF4B-00C04F79EFBC}") = "CalculateYourLife", "CalculateYourLife\CalculateYourLife.csproj", "{148CECB3-8B08-433E-91F2-988CF28DC8BF}"
EndProject
Project("{FAE04EC0-301F-11D3-BF4B-00C04F79EFBC}") = "EnterTheGrid", "EnterTheGrid\EnterTheGrid.csproj", "{A61E3210-AF0D-49AA-B1B1-D63EDDFBA802}"
EndProject
Project("{FAE04EC0-301F-11D3-BF4B-00C04F79EFBC}") = "SplitNine", "SplitNine\SplitNine.csproj", "{27888933-A711-4019-AE63-6975F7E6A883}"
EndProject
Project("{FAE04EC0-301F-11D3-BF4B-00C04F79EFBC}") = "ColorScroll", "ColorScroll\ColorScroll.csproj", "{129626D2-7C97-4FE8-A92A-38BA7AE25FB7}"
EndProject
Project("{2150E333-8FDC-42A3-9474-1A3956D46DE8}") = "7 Canvas", "7 Canvas", "{3AAD6D54-B6A9-48F5-B242-D14B9334AAF9}"
EndProject
Project("{FAE04EC0-301F-11D3-BF4B-00C04F79EFBC}") = "PaintTheButton", "PaintTheButton\PaintTheButton.csproj", "{2080004E-FB9C-41EA-95C7-D5A3EE859B79}"
EndProject
Project("{FAE04EC0-301F-11D3-BF4B-00C04F79EFBC}") = "Tile", "Tile\Tile.csproj", "{66E56DA2-59B9-4D3B-A343-6CC18B929015}"
EndProject
Project("{2150E333-8FDC-42A3-9474-1A3956D46DE8}") = "8 Dependency Property", "8 Dependency Property", "{99D18ADD-CB12-4A38-9349-E48692E72B0E}"
EndProject
Project("{FAE04EC0-301F-11D3-BF4B-00C04F79EFBC}") = "SetFontSizeProperty", "SetFontSizeProperty\SetFontSizeProperty.csproj", "{D379E322-DAE6-4972-8400-00FD9B34208F}"
EndProject
Project("{FAE04EC0-301F-11D3-BF4B-00C04F79EFBC}") = "SetSpaceProperty", "SetSpaceProperty\SetSpaceProperty.csproj", "{BB67CADE-3E0F-4147-8C65-3D01DDBECCDC}"
EndProject
Project("{2150E333-8FDC-42A3-9474-1A3956D46DE8}") = "9 Routed Input Events", "9 Routed Input Events", "{CFFDF9AA-F55B-4482-BEDC-A8032B3B5341}"
EndProject
Project("{FAE04EC0-301F-11D3-BF4B-00C04F79EFBC}") = "ExamineRoutedEvents", "ExamineRoutedEvents\ExamineRoutedEvents.csproj", "{1C49A7ED-FD98-4334-A071-92BF420A5024}"
EndProject
Project("{FAE04EC0-301F-11D3-BF4B-00C04F79EFBC}") = "DrawCircles", "DrawCircles\DrawCircles.csproj", "{8A4125EB-4B4C-4212-8F56-ECE8044CF0E1}"
EndProject
Project("{FAE04EC0-301F-11D3-BF4B-00C04F79EFBC}") = "ShadowTheStylus", "ShadowTheStylus\ShadowTheStylus.csproj", "{BFA602D9-9A56-4957-AE38-FA82F1DD8961}"
EndProject
Project("{FAE04EC0-301F-11D3-BF4B-00C04F79EFBC}") = "ExamineKeystrokes", "ExamineKeystrokes\ExamineKeystrokes.csproj", "{2242C1E3-916E-470C-944C-AA38A581474B}"
EndProject
Project("{2150E333-8FDC-42A3-9474-1A3956D46DE8}") = "10 User elements", "10 User elements", "{3FB1A0EC-3626-44F2-AAAC-3D25F26606CA}"
EndProject
Project("{FAE04EC0-301F-11D3-BF4B-00C04F79EFBC}") = "RenderTheBetterEllipse", "RenderTheBetterEllipse\RenderTheBetterEllipse.csproj", "{9107E059-C00D-4841-9CE9-1C0A26AC5A84}"
EndProject
Project("{FAE04EC0-301F-11D3-BF4B-00C04F79EFBC}") = "GetMedieval", "GetMedieval\GetMedieval.csproj", "{E1648201-AE53-4CCA-A6D5-C720B536C4C8}"
EndProject
Project("{2150E333-8FDC-42A3-9474-1A3956D46DE8}") = "11 Elements with a child", "11 Elements with a child", "{6B231FA7-A94F-45F6-BF17-FA785C1AB351}"
EndProject
Project("{FAE04EC0-301F-11D3-BF4B-00C04F79EFBC}") = "EncloseElementInEllipse", "EncloseElementInEllipse\EncloseElementInEllipse.csproj", "{8D7525F7-23EF-443A-8A4C-49ED9807AEE1}"
EndProject
Project("{FAE04EC0-301F-11D3-BF4B-00C04F79EFBC}") = "CalculateInHex", "CalculateInHex\CalculateInHex.csproj", "{1B6BA82B-3BA4-4C83-BC3F-20D77B4112AC}"
EndProject
Project("{FAE04EC0-301F-11D3-BF4B-00C04F79EFBC}") = "BuildButtonFactory", "BuildButtonFactory\BuildButtonFactory.csproj", "{3A1EB70D-9AE1-4AA7-A2DF-0493B3B3F577}"
EndProject
Project("{FAE04EC0-301F-11D3-BF4B-00C04F79EFBC}") = "SelectColor2", "SelectColor2\SelectColor2.csproj", "{484B4C43-028D-4B53-B3F0-1AA6BAC2CC43}"
EndProject
Project("{2150E333-8FDC-42A3-9474-1A3956D46DE8}") = "12 User panels", "12 User panels", "{8F5D8040-0E2E-47AF-8B5F-F195AC1E416C}"
EndProject
Project("{FAE04EC0-301F-11D3-BF4B-00C04F79EFBC}") = "DuplicateUniformGrid", "DuplicateUniformGrid\DuplicateUniformGrid.csproj", "{BBCB4D5B-8638-4C9E-8FD7-1A22521DD081}"
EndProject
Project("{FAE04EC0-301F-11D3-BF4B-00C04F79EFBC}") = "PaintOnCanvasClone", "PaintOnCanvasClone\PaintOnCanvasClone.csproj", "{A52BF808-E131-4876-BB22-F8E54B42A333}"
EndProject
Project("{FAE04EC0-301F-11D3-BF4B-00C04F79EFBC}") = "DiagonalizeTheButtons", "DiagonalizeTheButtons\DiagonalizeTheButtons.csproj", "{6FEF8144-B899-4700-92F7-78FAD973F33A}"
EndProject
Project("{FAE04EC0-301F-11D3-BF4B-00C04F79EFBC}") = "CircleTheButtons", "CircleTheButtons\CircleTheButtons.csproj", "{96D5ED5C-50F6-46B6-943B-D0F768903165}"
EndProject
Project("{2150E333-8FDC-42A3-9474-1A3956D46DE8}") = "13 ListBox", "13 ListBox", "{C8D9B1B7-CADE-42A2-92AE-959B0061C57C}"
EndProject
Global
	GlobalSection(SolutionConfigurationPlatforms) = preSolution
		Debug|Any CPU = Debug|Any CPU
		Release|Any CPU = Release|Any CPU
	EndGlobalSection
	GlobalSection(ProjectConfigurationPlatforms) = postSolution
		{8809130E-CB56-40CB-A06B-4CBCB0CC35AC}.Debug|Any CPU.ActiveCfg = Debug|Any CPU
		{8809130E-CB56-40CB-A06B-4CBCB0CC35AC}.Debug|Any CPU.Build.0 = Debug|Any CPU
		{8809130E-CB56-40CB-A06B-4CBCB0CC35AC}.Release|Any CPU.ActiveCfg = Release|Any CPU
		{8809130E-CB56-40CB-A06B-4CBCB0CC35AC}.Release|Any CPU.Build.0 = Release|Any CPU
		{BC5AC9A9-557A-47C3-A3F2-31E5D75AD255}.Debug|Any CPU.ActiveCfg = Debug|Any CPU
		{BC5AC9A9-557A-47C3-A3F2-31E5D75AD255}.Debug|Any CPU.Build.0 = Debug|Any CPU
		{BC5AC9A9-557A-47C3-A3F2-31E5D75AD255}.Release|Any CPU.ActiveCfg = Release|Any CPU
		{BC5AC9A9-557A-47C3-A3F2-31E5D75AD255}.Release|Any CPU.Build.0 = Release|Any CPU
		{A309D8C6-F0C6-4E7F-AF00-22AFB32DA909}.Debug|Any CPU.ActiveCfg = Debug|Any CPU
		{A309D8C6-F0C6-4E7F-AF00-22AFB32DA909}.Debug|Any CPU.Build.0 = Debug|Any CPU
		{A309D8C6-F0C6-4E7F-AF00-22AFB32DA909}.Release|Any CPU.ActiveCfg = Release|Any CPU
		{A309D8C6-F0C6-4E7F-AF00-22AFB32DA909}.Release|Any CPU.Build.0 = Release|Any CPU
		{3DEC7E26-522B-487A-A3B8-399902BB4592}.Debug|Any CPU.ActiveCfg = Debug|Any CPU
		{3DEC7E26-522B-487A-A3B8-399902BB4592}.Debug|Any CPU.Build.0 = Debug|Any CPU
		{3DEC7E26-522B-487A-A3B8-399902BB4592}.Release|Any CPU.ActiveCfg = Release|Any CPU
		{3DEC7E26-522B-487A-A3B8-399902BB4592}.Release|Any CPU.Build.0 = Release|Any CPU
		{FD7D89F8-0951-4022-B91E-ED8B4EC83C3A}.Debug|Any CPU.ActiveCfg = Debug|Any CPU
		{FD7D89F8-0951-4022-B91E-ED8B4EC83C3A}.Debug|Any CPU.Build.0 = Debug|Any CPU
		{FD7D89F8-0951-4022-B91E-ED8B4EC83C3A}.Release|Any CPU.ActiveCfg = Release|Any CPU
		{FD7D89F8-0951-4022-B91E-ED8B4EC83C3A}.Release|Any CPU.Build.0 = Release|Any CPU
		{10DC4475-24AD-464D-B2C9-33E6BE509C25}.Debug|Any CPU.ActiveCfg = Debug|Any CPU
		{10DC4475-24AD-464D-B2C9-33E6BE509C25}.Debug|Any CPU.Build.0 = Debug|Any CPU
		{10DC4475-24AD-464D-B2C9-33E6BE509C25}.Release|Any CPU.ActiveCfg = Release|Any CPU
		{10DC4475-24AD-464D-B2C9-33E6BE509C25}.Release|Any CPU.Build.0 = Release|Any CPU
		{2DCF4107-5866-47D6-80E8-B600D8083D7F}.Debug|Any CPU.ActiveCfg = Debug|Any CPU
		{2DCF4107-5866-47D6-80E8-B600D8083D7F}.Debug|Any CPU.Build.0 = Debug|Any CPU
		{2DCF4107-5866-47D6-80E8-B600D8083D7F}.Release|Any CPU.ActiveCfg = Release|Any CPU
		{2DCF4107-5866-47D6-80E8-B600D8083D7F}.Release|Any CPU.Build.0 = Release|Any CPU
		{554B53B6-803D-487D-960F-B450CA32151E}.Debug|Any CPU.ActiveCfg = Debug|Any CPU
		{554B53B6-803D-487D-960F-B450CA32151E}.Debug|Any CPU.Build.0 = Debug|Any CPU
		{554B53B6-803D-487D-960F-B450CA32151E}.Release|Any CPU.ActiveCfg = Release|Any CPU
		{554B53B6-803D-487D-960F-B450CA32151E}.Release|Any CPU.Build.0 = Release|Any CPU
		{A1D1D5E7-ACCA-44E9-8E54-80E35FE25F4C}.Debug|Any CPU.ActiveCfg = Debug|Any CPU
		{A1D1D5E7-ACCA-44E9-8E54-80E35FE25F4C}.Debug|Any CPU.Build.0 = Debug|Any CPU
		{A1D1D5E7-ACCA-44E9-8E54-80E35FE25F4C}.Release|Any CPU.ActiveCfg = Release|Any CPU
		{A1D1D5E7-ACCA-44E9-8E54-80E35FE25F4C}.Release|Any CPU.Build.0 = Release|Any CPU
		{85BF95DD-03A5-4A8B-A675-3A73E4AC7ADD}.Debug|Any CPU.ActiveCfg = Debug|Any CPU
		{85BF95DD-03A5-4A8B-A675-3A73E4AC7ADD}.Debug|Any CPU.Build.0 = Debug|Any CPU
		{85BF95DD-03A5-4A8B-A675-3A73E4AC7ADD}.Release|Any CPU.ActiveCfg = Release|Any CPU
		{85BF95DD-03A5-4A8B-A675-3A73E4AC7ADD}.Release|Any CPU.Build.0 = Release|Any CPU
		{93AFE669-BBE0-4D42-963E-64F76A63706C}.Debug|Any CPU.ActiveCfg = Debug|Any CPU
		{93AFE669-BBE0-4D42-963E-64F76A63706C}.Debug|Any CPU.Build.0 = Debug|Any CPU
		{93AFE669-BBE0-4D42-963E-64F76A63706C}.Release|Any CPU.ActiveCfg = Release|Any CPU
		{93AFE669-BBE0-4D42-963E-64F76A63706C}.Release|Any CPU.Build.0 = Release|Any CPU
		{2D0496AD-E7E3-4861-B9EB-6BB8835A82DE}.Debug|Any CPU.ActiveCfg = Debug|Any CPU
		{2D0496AD-E7E3-4861-B9EB-6BB8835A82DE}.Debug|Any CPU.Build.0 = Debug|Any CPU
		{2D0496AD-E7E3-4861-B9EB-6BB8835A82DE}.Release|Any CPU.ActiveCfg = Release|Any CPU
		{2D0496AD-E7E3-4861-B9EB-6BB8835A82DE}.Release|Any CPU.Build.0 = Release|Any CPU
		{9D2DEF2C-5155-44A5-9794-34430A66FAC0}.Debug|Any CPU.ActiveCfg = Debug|Any CPU
		{9D2DEF2C-5155-44A5-9794-34430A66FAC0}.Debug|Any CPU.Build.0 = Debug|Any CPU
		{9D2DEF2C-5155-44A5-9794-34430A66FAC0}.Release|Any CPU.ActiveCfg = Release|Any CPU
		{9D2DEF2C-5155-44A5-9794-34430A66FAC0}.Release|Any CPU.Build.0 = Release|Any CPU
		{344B8426-5ADE-42A9-B891-B7BAA2B1B802}.Debug|Any CPU.ActiveCfg = Debug|Any CPU
		{344B8426-5ADE-42A9-B891-B7BAA2B1B802}.Debug|Any CPU.Build.0 = Debug|Any CPU
		{344B8426-5ADE-42A9-B891-B7BAA2B1B802}.Release|Any CPU.ActiveCfg = Release|Any CPU
		{344B8426-5ADE-42A9-B891-B7BAA2B1B802}.Release|Any CPU.Build.0 = Release|Any CPU
		{68CEDBAA-A9F0-4CDD-8335-986E67492883}.Debug|Any CPU.ActiveCfg = Debug|Any CPU
		{68CEDBAA-A9F0-4CDD-8335-986E67492883}.Debug|Any CPU.Build.0 = Debug|Any CPU
		{68CEDBAA-A9F0-4CDD-8335-986E67492883}.Release|Any CPU.ActiveCfg = Release|Any CPU
		{68CEDBAA-A9F0-4CDD-8335-986E67492883}.Release|Any CPU.Build.0 = Release|Any CPU
		{33451E32-2F51-4247-A2D4-C2E517A356EB}.Debug|Any CPU.ActiveCfg = Debug|Any CPU
		{33451E32-2F51-4247-A2D4-C2E517A356EB}.Debug|Any CPU.Build.0 = Debug|Any CPU
		{33451E32-2F51-4247-A2D4-C2E517A356EB}.Release|Any CPU.ActiveCfg = Release|Any CPU
		{33451E32-2F51-4247-A2D4-C2E517A356EB}.Release|Any CPU.Build.0 = Release|Any CPU
		{88AD1F69-CDEB-4E76-BD25-C3941D213143}.Debug|Any CPU.ActiveCfg = Debug|Any CPU
		{88AD1F69-CDEB-4E76-BD25-C3941D213143}.Debug|Any CPU.Build.0 = Debug|Any CPU
		{88AD1F69-CDEB-4E76-BD25-C3941D213143}.Release|Any CPU.ActiveCfg = Release|Any CPU
		{88AD1F69-CDEB-4E76-BD25-C3941D213143}.Release|Any CPU.Build.0 = Release|Any CPU
		{1509B892-670F-4B4B-B0D8-47E5C0FB9336}.Debug|Any CPU.ActiveCfg = Debug|Any CPU
		{1509B892-670F-4B4B-B0D8-47E5C0FB9336}.Debug|Any CPU.Build.0 = Debug|Any CPU
		{1509B892-670F-4B4B-B0D8-47E5C0FB9336}.Release|Any CPU.ActiveCfg = Release|Any CPU
		{1509B892-670F-4B4B-B0D8-47E5C0FB9336}.Release|Any CPU.Build.0 = Release|Any CPU
		{87A706CA-9582-490F-8200-5EB36719AA0E}.Debug|Any CPU.ActiveCfg = Debug|Any CPU
		{87A706CA-9582-490F-8200-5EB36719AA0E}.Debug|Any CPU.Build.0 = Debug|Any CPU
		{87A706CA-9582-490F-8200-5EB36719AA0E}.Release|Any CPU.ActiveCfg = Release|Any CPU
		{87A706CA-9582-490F-8200-5EB36719AA0E}.Release|Any CPU.Build.0 = Release|Any CPU
		{23AC595D-5BBB-48EE-9606-99D0746FB554}.Debug|Any CPU.ActiveCfg = Debug|Any CPU
		{23AC595D-5BBB-48EE-9606-99D0746FB554}.Debug|Any CPU.Build.0 = Debug|Any CPU
		{23AC595D-5BBB-48EE-9606-99D0746FB554}.Release|Any CPU.ActiveCfg = Release|Any CPU
		{23AC595D-5BBB-48EE-9606-99D0746FB554}.Release|Any CPU.Build.0 = Release|Any CPU
		{B04D6575-7B0C-4F7B-921F-8FD5CEC13E82}.Debug|Any CPU.ActiveCfg = Debug|Any CPU
		{B04D6575-7B0C-4F7B-921F-8FD5CEC13E82}.Debug|Any CPU.Build.0 = Debug|Any CPU
		{B04D6575-7B0C-4F7B-921F-8FD5CEC13E82}.Release|Any CPU.ActiveCfg = Release|Any CPU
		{B04D6575-7B0C-4F7B-921F-8FD5CEC13E82}.Release|Any CPU.Build.0 = Release|Any CPU
		{701E530E-6DE8-4613-AD85-0C77023D5965}.Debug|Any CPU.ActiveCfg = Debug|Any CPU
		{701E530E-6DE8-4613-AD85-0C77023D5965}.Debug|Any CPU.Build.0 = Debug|Any CPU
		{701E530E-6DE8-4613-AD85-0C77023D5965}.Release|Any CPU.ActiveCfg = Release|Any CPU
		{701E530E-6DE8-4613-AD85-0C77023D5965}.Release|Any CPU.Build.0 = Release|Any CPU
		{97DA684C-7D23-425C-AD05-7BFCD350746E}.Debug|Any CPU.ActiveCfg = Debug|Any CPU
		{97DA684C-7D23-425C-AD05-7BFCD350746E}.Debug|Any CPU.Build.0 = Debug|Any CPU
		{97DA684C-7D23-425C-AD05-7BFCD350746E}.Release|Any CPU.ActiveCfg = Release|Any CPU
		{97DA684C-7D23-425C-AD05-7BFCD350746E}.Release|Any CPU.Build.0 = Release|Any CPU
		{A08F494A-A115-4DB0-B953-49281D863313}.Debug|Any CPU.ActiveCfg = Debug|Any CPU
		{A08F494A-A115-4DB0-B953-49281D863313}.Debug|Any CPU.Build.0 = Debug|Any CPU
		{A08F494A-A115-4DB0-B953-49281D863313}.Release|Any CPU.ActiveCfg = Release|Any CPU
		{A08F494A-A115-4DB0-B953-49281D863313}.Release|Any CPU.Build.0 = Release|Any CPU
		{1905B384-2C4D-46D4-BF60-97B1D7CDFA10}.Debug|Any CPU.ActiveCfg = Debug|Any CPU
		{1905B384-2C4D-46D4-BF60-97B1D7CDFA10}.Debug|Any CPU.Build.0 = Debug|Any CPU
		{1905B384-2C4D-46D4-BF60-97B1D7CDFA10}.Release|Any CPU.ActiveCfg = Release|Any CPU
		{1905B384-2C4D-46D4-BF60-97B1D7CDFA10}.Release|Any CPU.Build.0 = Release|Any CPU
		{AB1AF085-0A03-42C0-9360-0F02F1D21F01}.Debug|Any CPU.ActiveCfg = Debug|Any CPU
		{AB1AF085-0A03-42C0-9360-0F02F1D21F01}.Debug|Any CPU.Build.0 = Debug|Any CPU
		{AB1AF085-0A03-42C0-9360-0F02F1D21F01}.Release|Any CPU.ActiveCfg = Release|Any CPU
		{AB1AF085-0A03-42C0-9360-0F02F1D21F01}.Release|Any CPU.Build.0 = Release|Any CPU
		{EA7872FC-D22B-4056-8406-B9B1453AB35C}.Debug|Any CPU.ActiveCfg = Debug|Any CPU
		{EA7872FC-D22B-4056-8406-B9B1453AB35C}.Debug|Any CPU.Build.0 = Debug|Any CPU
		{EA7872FC-D22B-4056-8406-B9B1453AB35C}.Release|Any CPU.ActiveCfg = Release|Any CPU
		{EA7872FC-D22B-4056-8406-B9B1453AB35C}.Release|Any CPU.Build.0 = Release|Any CPU
		{98600D31-1141-451B-A76F-705614F153A9}.Debug|Any CPU.ActiveCfg = Debug|Any CPU
		{98600D31-1141-451B-A76F-705614F153A9}.Debug|Any CPU.Build.0 = Debug|Any CPU
		{98600D31-1141-451B-A76F-705614F153A9}.Release|Any CPU.ActiveCfg = Release|Any CPU
		{98600D31-1141-451B-A76F-705614F153A9}.Release|Any CPU.Build.0 = Release|Any CPU
		{90524A5C-3A8E-4DF0-9C8A-4292BA4AAECF}.Debug|Any CPU.ActiveCfg = Debug|Any CPU
		{90524A5C-3A8E-4DF0-9C8A-4292BA4AAECF}.Debug|Any CPU.Build.0 = Debug|Any CPU
		{90524A5C-3A8E-4DF0-9C8A-4292BA4AAECF}.Release|Any CPU.ActiveCfg = Release|Any CPU
		{90524A5C-3A8E-4DF0-9C8A-4292BA4AAECF}.Release|Any CPU.Build.0 = Release|Any CPU
		{93AC98B7-3128-4E9E-88B4-3F87A5AB12D5}.Debug|Any CPU.ActiveCfg = Debug|Any CPU
		{93AC98B7-3128-4E9E-88B4-3F87A5AB12D5}.Debug|Any CPU.Build.0 = Debug|Any CPU
		{93AC98B7-3128-4E9E-88B4-3F87A5AB12D5}.Release|Any CPU.ActiveCfg = Release|Any CPU
		{93AC98B7-3128-4E9E-88B4-3F87A5AB12D5}.Release|Any CPU.Build.0 = Release|Any CPU
		{5FB015D3-9EFA-40D4-8E0F-9F5F6116BCEC}.Debug|Any CPU.ActiveCfg = Debug|Any CPU
		{5FB015D3-9EFA-40D4-8E0F-9F5F6116BCEC}.Debug|Any CPU.Build.0 = Debug|Any CPU
		{5FB015D3-9EFA-40D4-8E0F-9F5F6116BCEC}.Release|Any CPU.ActiveCfg = Release|Any CPU
		{5FB015D3-9EFA-40D4-8E0F-9F5F6116BCEC}.Release|Any CPU.Build.0 = Release|Any CPU
		{9130BDE4-15B0-4743-B837-09B3B34C2C54}.Debug|Any CPU.ActiveCfg = Debug|Any CPU
		{9130BDE4-15B0-4743-B837-09B3B34C2C54}.Debug|Any CPU.Build.0 = Debug|Any CPU
		{9130BDE4-15B0-4743-B837-09B3B34C2C54}.Release|Any CPU.ActiveCfg = Release|Any CPU
		{9130BDE4-15B0-4743-B837-09B3B34C2C54}.Release|Any CPU.Build.0 = Release|Any CPU
		{F3F0BD13-E5A0-4B25-8593-1AD171A4A842}.Debug|Any CPU.ActiveCfg = Debug|Any CPU
		{F3F0BD13-E5A0-4B25-8593-1AD171A4A842}.Debug|Any CPU.Build.0 = Debug|Any CPU
		{F3F0BD13-E5A0-4B25-8593-1AD171A4A842}.Release|Any CPU.ActiveCfg = Release|Any CPU
		{F3F0BD13-E5A0-4B25-8593-1AD171A4A842}.Release|Any CPU.Build.0 = Release|Any CPU
		{A80A1770-8B0F-450C-A960-625B0099C31C}.Debug|Any CPU.ActiveCfg = Debug|Any CPU
		{A80A1770-8B0F-450C-A960-625B0099C31C}.Debug|Any CPU.Build.0 = Debug|Any CPU
		{A80A1770-8B0F-450C-A960-625B0099C31C}.Release|Any CPU.ActiveCfg = Release|Any CPU
		{A80A1770-8B0F-450C-A960-625B0099C31C}.Release|Any CPU.Build.0 = Release|Any CPU
		{7461D0D1-F432-4841-9993-7F3DED2B2ED1}.Debug|Any CPU.ActiveCfg = Debug|Any CPU
		{7461D0D1-F432-4841-9993-7F3DED2B2ED1}.Debug|Any CPU.Build.0 = Debug|Any CPU
		{7461D0D1-F432-4841-9993-7F3DED2B2ED1}.Release|Any CPU.ActiveCfg = Release|Any CPU
		{7461D0D1-F432-4841-9993-7F3DED2B2ED1}.Release|Any CPU.Build.0 = Release|Any CPU
		{E483CB56-5A40-42D3-9177-02CE3D4326DF}.Debug|Any CPU.ActiveCfg = Debug|Any CPU
		{E483CB56-5A40-42D3-9177-02CE3D4326DF}.Debug|Any CPU.Build.0 = Debug|Any CPU
		{E483CB56-5A40-42D3-9177-02CE3D4326DF}.Release|Any CPU.ActiveCfg = Release|Any CPU
		{E483CB56-5A40-42D3-9177-02CE3D4326DF}.Release|Any CPU.Build.0 = Release|Any CPU
		{148CECB3-8B08-433E-91F2-988CF28DC8BF}.Debug|Any CPU.ActiveCfg = Debug|Any CPU
		{148CECB3-8B08-433E-91F2-988CF28DC8BF}.Debug|Any CPU.Build.0 = Debug|Any CPU
		{148CECB3-8B08-433E-91F2-988CF28DC8BF}.Release|Any CPU.ActiveCfg = Release|Any CPU
		{148CECB3-8B08-433E-91F2-988CF28DC8BF}.Release|Any CPU.Build.0 = Release|Any CPU
		{A61E3210-AF0D-49AA-B1B1-D63EDDFBA802}.Debug|Any CPU.ActiveCfg = Debug|Any CPU
		{A61E3210-AF0D-49AA-B1B1-D63EDDFBA802}.Debug|Any CPU.Build.0 = Debug|Any CPU
		{A61E3210-AF0D-49AA-B1B1-D63EDDFBA802}.Release|Any CPU.ActiveCfg = Release|Any CPU
		{A61E3210-AF0D-49AA-B1B1-D63EDDFBA802}.Release|Any CPU.Build.0 = Release|Any CPU
		{27888933-A711-4019-AE63-6975F7E6A883}.Debug|Any CPU.ActiveCfg = Debug|Any CPU
		{27888933-A711-4019-AE63-6975F7E6A883}.Debug|Any CPU.Build.0 = Debug|Any CPU
		{27888933-A711-4019-AE63-6975F7E6A883}.Release|Any CPU.ActiveCfg = Release|Any CPU
		{27888933-A711-4019-AE63-6975F7E6A883}.Release|Any CPU.Build.0 = Release|Any CPU
		{129626D2-7C97-4FE8-A92A-38BA7AE25FB7}.Debug|Any CPU.ActiveCfg = Debug|Any CPU
		{129626D2-7C97-4FE8-A92A-38BA7AE25FB7}.Debug|Any CPU.Build.0 = Debug|Any CPU
		{129626D2-7C97-4FE8-A92A-38BA7AE25FB7}.Release|Any CPU.ActiveCfg = Release|Any CPU
		{129626D2-7C97-4FE8-A92A-38BA7AE25FB7}.Release|Any CPU.Build.0 = Release|Any CPU
		{2080004E-FB9C-41EA-95C7-D5A3EE859B79}.Debug|Any CPU.ActiveCfg = Debug|Any CPU
		{2080004E-FB9C-41EA-95C7-D5A3EE859B79}.Debug|Any CPU.Build.0 = Debug|Any CPU
		{2080004E-FB9C-41EA-95C7-D5A3EE859B79}.Release|Any CPU.ActiveCfg = Release|Any CPU
		{2080004E-FB9C-41EA-95C7-D5A3EE859B79}.Release|Any CPU.Build.0 = Release|Any CPU
		{66E56DA2-59B9-4D3B-A343-6CC18B929015}.Debug|Any CPU.ActiveCfg = Debug|Any CPU
		{66E56DA2-59B9-4D3B-A343-6CC18B929015}.Debug|Any CPU.Build.0 = Debug|Any CPU
		{66E56DA2-59B9-4D3B-A343-6CC18B929015}.Release|Any CPU.ActiveCfg = Release|Any CPU
		{66E56DA2-59B9-4D3B-A343-6CC18B929015}.Release|Any CPU.Build.0 = Release|Any CPU
		{D379E322-DAE6-4972-8400-00FD9B34208F}.Debug|Any CPU.ActiveCfg = Debug|Any CPU
		{D379E322-DAE6-4972-8400-00FD9B34208F}.Debug|Any CPU.Build.0 = Debug|Any CPU
		{D379E322-DAE6-4972-8400-00FD9B34208F}.Release|Any CPU.ActiveCfg = Release|Any CPU
		{D379E322-DAE6-4972-8400-00FD9B34208F}.Release|Any CPU.Build.0 = Release|Any CPU
		{BB67CADE-3E0F-4147-8C65-3D01DDBECCDC}.Debug|Any CPU.ActiveCfg = Debug|Any CPU
		{BB67CADE-3E0F-4147-8C65-3D01DDBECCDC}.Debug|Any CPU.Build.0 = Debug|Any CPU
		{BB67CADE-3E0F-4147-8C65-3D01DDBECCDC}.Release|Any CPU.ActiveCfg = Release|Any CPU
		{BB67CADE-3E0F-4147-8C65-3D01DDBECCDC}.Release|Any CPU.Build.0 = Release|Any CPU
		{1C49A7ED-FD98-4334-A071-92BF420A5024}.Debug|Any CPU.ActiveCfg = Debug|Any CPU
		{1C49A7ED-FD98-4334-A071-92BF420A5024}.Debug|Any CPU.Build.0 = Debug|Any CPU
		{1C49A7ED-FD98-4334-A071-92BF420A5024}.Release|Any CPU.ActiveCfg = Release|Any CPU
		{1C49A7ED-FD98-4334-A071-92BF420A5024}.Release|Any CPU.Build.0 = Release|Any CPU
		{8A4125EB-4B4C-4212-8F56-ECE8044CF0E1}.Debug|Any CPU.ActiveCfg = Debug|Any CPU
		{8A4125EB-4B4C-4212-8F56-ECE8044CF0E1}.Debug|Any CPU.Build.0 = Debug|Any CPU
		{8A4125EB-4B4C-4212-8F56-ECE8044CF0E1}.Release|Any CPU.ActiveCfg = Release|Any CPU
		{8A4125EB-4B4C-4212-8F56-ECE8044CF0E1}.Release|Any CPU.Build.0 = Release|Any CPU
		{BFA602D9-9A56-4957-AE38-FA82F1DD8961}.Debug|Any CPU.ActiveCfg = Debug|Any CPU
		{BFA602D9-9A56-4957-AE38-FA82F1DD8961}.Debug|Any CPU.Build.0 = Debug|Any CPU
		{BFA602D9-9A56-4957-AE38-FA82F1DD8961}.Release|Any CPU.ActiveCfg = Release|Any CPU
		{BFA602D9-9A56-4957-AE38-FA82F1DD8961}.Release|Any CPU.Build.0 = Release|Any CPU
		{2242C1E3-916E-470C-944C-AA38A581474B}.Debug|Any CPU.ActiveCfg = Debug|Any CPU
		{2242C1E3-916E-470C-944C-AA38A581474B}.Debug|Any CPU.Build.0 = Debug|Any CPU
		{2242C1E3-916E-470C-944C-AA38A581474B}.Release|Any CPU.ActiveCfg = Release|Any CPU
		{2242C1E3-916E-470C-944C-AA38A581474B}.Release|Any CPU.Build.0 = Release|Any CPU
		{9107E059-C00D-4841-9CE9-1C0A26AC5A84}.Debug|Any CPU.ActiveCfg = Debug|Any CPU
		{9107E059-C00D-4841-9CE9-1C0A26AC5A84}.Debug|Any CPU.Build.0 = Debug|Any CPU
		{9107E059-C00D-4841-9CE9-1C0A26AC5A84}.Release|Any CPU.ActiveCfg = Release|Any CPU
		{9107E059-C00D-4841-9CE9-1C0A26AC5A84}.Release|Any CPU.Build.0 = Release|Any CPU
		{E1648201-AE53-4CCA-A6D5-C720B536C4C8}.Debug|Any CPU.ActiveCfg = Debug|Any CPU
		{E1648201-AE53-4CCA-A6D5-C720B536C4C8}.Debug|Any CPU.Build.0 = Debug|Any CPU
		{E1648201-AE53-4CCA-A6D5-C720B536C4C8}.Release|Any CPU.ActiveCfg = Release|Any CPU
		{E1648201-AE53-4CCA-A6D5-C720B536C4C8}.Release|Any CPU.Build.0 = Release|Any CPU
		{8D7525F7-23EF-443A-8A4C-49ED9807AEE1}.Debug|Any CPU.ActiveCfg = Debug|Any CPU
		{8D7525F7-23EF-443A-8A4C-49ED9807AEE1}.Debug|Any CPU.Build.0 = Debug|Any CPU
		{8D7525F7-23EF-443A-8A4C-49ED9807AEE1}.Release|Any CPU.ActiveCfg = Release|Any CPU
		{8D7525F7-23EF-443A-8A4C-49ED9807AEE1}.Release|Any CPU.Build.0 = Release|Any CPU
		{1B6BA82B-3BA4-4C83-BC3F-20D77B4112AC}.Debug|Any CPU.ActiveCfg = Debug|Any CPU
		{1B6BA82B-3BA4-4C83-BC3F-20D77B4112AC}.Debug|Any CPU.Build.0 = Debug|Any CPU
		{1B6BA82B-3BA4-4C83-BC3F-20D77B4112AC}.Release|Any CPU.ActiveCfg = Release|Any CPU
		{1B6BA82B-3BA4-4C83-BC3F-20D77B4112AC}.Release|Any CPU.Build.0 = Release|Any CPU
		{3A1EB70D-9AE1-4AA7-A2DF-0493B3B3F577}.Debug|Any CPU.ActiveCfg = Debug|Any CPU
		{3A1EB70D-9AE1-4AA7-A2DF-0493B3B3F577}.Debug|Any CPU.Build.0 = Debug|Any CPU
		{3A1EB70D-9AE1-4AA7-A2DF-0493B3B3F577}.Release|Any CPU.ActiveCfg = Release|Any CPU
		{3A1EB70D-9AE1-4AA7-A2DF-0493B3B3F577}.Release|Any CPU.Build.0 = Release|Any CPU
		{484B4C43-028D-4B53-B3F0-1AA6BAC2CC43}.Debug|Any CPU.ActiveCfg = Debug|Any CPU
		{484B4C43-028D-4B53-B3F0-1AA6BAC2CC43}.Debug|Any CPU.Build.0 = Debug|Any CPU
		{484B4C43-028D-4B53-B3F0-1AA6BAC2CC43}.Release|Any CPU.ActiveCfg = Release|Any CPU
		{484B4C43-028D-4B53-B3F0-1AA6BAC2CC43}.Release|Any CPU.Build.0 = Release|Any CPU
		{BBCB4D5B-8638-4C9E-8FD7-1A22521DD081}.Debug|Any CPU.ActiveCfg = Debug|Any CPU
		{BBCB4D5B-8638-4C9E-8FD7-1A22521DD081}.Debug|Any CPU.Build.0 = Debug|Any CPU
		{BBCB4D5B-8638-4C9E-8FD7-1A22521DD081}.Release|Any CPU.ActiveCfg = Release|Any CPU
		{BBCB4D5B-8638-4C9E-8FD7-1A22521DD081}.Release|Any CPU.Build.0 = Release|Any CPU
		{A52BF808-E131-4876-BB22-F8E54B42A333}.Debug|Any CPU.ActiveCfg = Debug|Any CPU
		{A52BF808-E131-4876-BB22-F8E54B42A333}.Debug|Any CPU.Build.0 = Debug|Any CPU
		{A52BF808-E131-4876-BB22-F8E54B42A333}.Release|Any CPU.ActiveCfg = Release|Any CPU
		{A52BF808-E131-4876-BB22-F8E54B42A333}.Release|Any CPU.Build.0 = Release|Any CPU
		{6FEF8144-B899-4700-92F7-78FAD973F33A}.Debug|Any CPU.ActiveCfg = Debug|Any CPU
		{6FEF8144-B899-4700-92F7-78FAD973F33A}.Debug|Any CPU.Build.0 = Debug|Any CPU
		{6FEF8144-B899-4700-92F7-78FAD973F33A}.Release|Any CPU.ActiveCfg = Release|Any CPU
		{6FEF8144-B899-4700-92F7-78FAD973F33A}.Release|Any CPU.Build.0 = Release|Any CPU
		{96D5ED5C-50F6-46B6-943B-D0F768903165}.Debug|Any CPU.ActiveCfg = Debug|Any CPU
		{96D5ED5C-50F6-46B6-943B-D0F768903165}.Debug|Any CPU.Build.0 = Debug|Any CPU
		{96D5ED5C-50F6-46B6-943B-D0F768903165}.Release|Any CPU.ActiveCfg = Release|Any CPU
		{96D5ED5C-50F6-46B6-943B-D0F768903165}.Release|Any CPU.Build.0 = Release|Any CPU
	EndGlobalSection
	GlobalSection(SolutionProperties) = preSolution
		HideSolutionNode = FALSE
	EndGlobalSection
	GlobalSection(NestedProjects) = preSolution
		{8809130E-CB56-40CB-A06B-4CBCB0CC35AC} = {5ABF3F89-34F8-42B6-8FD0-9865BC1FA587}
		{BC5AC9A9-557A-47C3-A3F2-31E5D75AD255} = {5ABF3F89-34F8-42B6-8FD0-9865BC1FA587}
		{A309D8C6-F0C6-4E7F-AF00-22AFB32DA909} = {5ABF3F89-34F8-42B6-8FD0-9865BC1FA587}
		{3DEC7E26-522B-487A-A3B8-399902BB4592} = {5ABF3F89-34F8-42B6-8FD0-9865BC1FA587}
		{FD7D89F8-0951-4022-B91E-ED8B4EC83C3A} = {5ABF3F89-34F8-42B6-8FD0-9865BC1FA587}
		{10DC4475-24AD-464D-B2C9-33E6BE509C25} = {5ABF3F89-34F8-42B6-8FD0-9865BC1FA587}
		{2DCF4107-5866-47D6-80E8-B600D8083D7F} = {5ABF3F89-34F8-42B6-8FD0-9865BC1FA587}
		{554B53B6-803D-487D-960F-B450CA32151E} = {5ABF3F89-34F8-42B6-8FD0-9865BC1FA587}
		{A1D1D5E7-ACCA-44E9-8E54-80E35FE25F4C} = {5ABF3F89-34F8-42B6-8FD0-9865BC1FA587}
		{85BF95DD-03A5-4A8B-A675-3A73E4AC7ADD} = {5ABF3F89-34F8-42B6-8FD0-9865BC1FA587}
		{93AFE669-BBE0-4D42-963E-64F76A63706C} = {5ABF3F89-34F8-42B6-8FD0-9865BC1FA587}
		{2D0496AD-E7E3-4861-B9EB-6BB8835A82DE} = {5ABF3F89-34F8-42B6-8FD0-9865BC1FA587}
		{9D2DEF2C-5155-44A5-9794-34430A66FAC0} = {5ABF3F89-34F8-42B6-8FD0-9865BC1FA587}
		{344B8426-5ADE-42A9-B891-B7BAA2B1B802} = {5ABF3F89-34F8-42B6-8FD0-9865BC1FA587}
		{68CEDBAA-A9F0-4CDD-8335-986E67492883} = {5ABF3F89-34F8-42B6-8FD0-9865BC1FA587}
		{33451E32-2F51-4247-A2D4-C2E517A356EB} = {5ABF3F89-34F8-42B6-8FD0-9865BC1FA587}
		{88AD1F69-CDEB-4E76-BD25-C3941D213143} = {5ABF3F89-34F8-42B6-8FD0-9865BC1FA587}
		{1509B892-670F-4B4B-B0D8-47E5C0FB9336} = {5ABF3F89-34F8-42B6-8FD0-9865BC1FA587}
		{87A706CA-9582-490F-8200-5EB36719AA0E} = {5ABF3F89-34F8-42B6-8FD0-9865BC1FA587}
		{23AC595D-5BBB-48EE-9606-99D0746FB554} = {5ABF3F89-34F8-42B6-8FD0-9865BC1FA587}
		{B04D6575-7B0C-4F7B-921F-8FD5CEC13E82} = {5ABF3F89-34F8-42B6-8FD0-9865BC1FA587}
		{701E530E-6DE8-4613-AD85-0C77023D5965} = {04267542-BA64-4790-B763-41E1B57ADADF}
		{97DA684C-7D23-425C-AD05-7BFCD350746E} = {04267542-BA64-4790-B763-41E1B57ADADF}
		{A08F494A-A115-4DB0-B953-49281D863313} = {04267542-BA64-4790-B763-41E1B57ADADF}
		{1905B384-2C4D-46D4-BF60-97B1D7CDFA10} = {04267542-BA64-4790-B763-41E1B57ADADF}
		{AB1AF085-0A03-42C0-9360-0F02F1D21F01} = {04267542-BA64-4790-B763-41E1B57ADADF}
		{EA7872FC-D22B-4056-8406-B9B1453AB35C} = {04267542-BA64-4790-B763-41E1B57ADADF}
		{98600D31-1141-451B-A76F-705614F153A9} = {04267542-BA64-4790-B763-41E1B57ADADF}
		{90524A5C-3A8E-4DF0-9C8A-4292BA4AAECF} = {04267542-BA64-4790-B763-41E1B57ADADF}
		{93AC98B7-3128-4E9E-88B4-3F87A5AB12D5} = {C9EB6873-FE3B-4593-9FDA-EDC802808BF5}
		{5FB015D3-9EFA-40D4-8E0F-9F5F6116BCEC} = {C9EB6873-FE3B-4593-9FDA-EDC802808BF5}
		{9130BDE4-15B0-4743-B837-09B3B34C2C54} = {C9EB6873-FE3B-4593-9FDA-EDC802808BF5}
		{F3F0BD13-E5A0-4B25-8593-1AD171A4A842} = {C9EB6873-FE3B-4593-9FDA-EDC802808BF5}
		{A80A1770-8B0F-450C-A960-625B0099C31C} = {C9EB6873-FE3B-4593-9FDA-EDC802808BF5}
		{7461D0D1-F432-4841-9993-7F3DED2B2ED1} = {64198202-B918-4E55-A026-79FD29113F40}
		{E483CB56-5A40-42D3-9177-02CE3D4326DF} = {64198202-B918-4E55-A026-79FD29113F40}
		{148CECB3-8B08-433E-91F2-988CF28DC8BF} = {64198202-B918-4E55-A026-79FD29113F40}
		{A61E3210-AF0D-49AA-B1B1-D63EDDFBA802} = {64198202-B918-4E55-A026-79FD29113F40}
		{27888933-A711-4019-AE63-6975F7E6A883} = {64198202-B918-4E55-A026-79FD29113F40}
		{129626D2-7C97-4FE8-A92A-38BA7AE25FB7} = {64198202-B918-4E55-A026-79FD29113F40}
		{2080004E-FB9C-41EA-95C7-D5A3EE859B79} = {3AAD6D54-B6A9-48F5-B242-D14B9334AAF9}
		{66E56DA2-59B9-4D3B-A343-6CC18B929015} = {3AAD6D54-B6A9-48F5-B242-D14B9334AAF9}
		{D379E322-DAE6-4972-8400-00FD9B34208F} = {99D18ADD-CB12-4A38-9349-E48692E72B0E}
		{BB67CADE-3E0F-4147-8C65-3D01DDBECCDC} = {99D18ADD-CB12-4A38-9349-E48692E72B0E}
		{1C49A7ED-FD98-4334-A071-92BF420A5024} = {CFFDF9AA-F55B-4482-BEDC-A8032B3B5341}
		{8A4125EB-4B4C-4212-8F56-ECE8044CF0E1} = {CFFDF9AA-F55B-4482-BEDC-A8032B3B5341}
		{BFA602D9-9A56-4957-AE38-FA82F1DD8961} = {CFFDF9AA-F55B-4482-BEDC-A8032B3B5341}
		{2242C1E3-916E-470C-944C-AA38A581474B} = {CFFDF9AA-F55B-4482-BEDC-A8032B3B5341}
		{9107E059-C00D-4841-9CE9-1C0A26AC5A84} = {3FB1A0EC-3626-44F2-AAAC-3D25F26606CA}
		{E1648201-AE53-4CCA-A6D5-C720B536C4C8} = {3FB1A0EC-3626-44F2-AAAC-3D25F26606CA}
		{8D7525F7-23EF-443A-8A4C-49ED9807AEE1} = {6B231FA7-A94F-45F6-BF17-FA785C1AB351}
		{1B6BA82B-3BA4-4C83-BC3F-20D77B4112AC} = {6B231FA7-A94F-45F6-BF17-FA785C1AB351}
		{3A1EB70D-9AE1-4AA7-A2DF-0493B3B3F577} = {6B231FA7-A94F-45F6-BF17-FA785C1AB351}
		{484B4C43-028D-4B53-B3F0-1AA6BAC2CC43} = {6B231FA7-A94F-45F6-BF17-FA785C1AB351}
		{BBCB4D5B-8638-4C9E-8FD7-1A22521DD081} = {8F5D8040-0E2E-47AF-8B5F-F195AC1E416C}
		{A52BF808-E131-4876-BB22-F8E54B42A333} = {8F5D8040-0E2E-47AF-8B5F-F195AC1E416C}
		{6FEF8144-B899-4700-92F7-78FAD973F33A} = {8F5D8040-0E2E-47AF-8B5F-F195AC1E416C}
		{96D5ED5C-50F6-46B6-943B-D0F768903165} = {8F5D8040-0E2E-47AF-8B5F-F195AC1E416C}
	EndGlobalSection
	GlobalSection(ExtensibilityGlobals) = postSolution
		SolutionGuid = {1920DECE-4746-46FD-BE6A-01D2A0536D27}
	EndGlobalSection
EndGlobal
